// !$*UTF8*$!
{
	archiveVersion = 1;
	classes = {
	};
	objectVersion = 56;
	objects = {

/* Begin PBXBuildFile section */
		4964889C2C98AEC400C9FE3E /* AppDelegate.swift in Sources */ = {isa = PBXBuildFile; fileRef = 4964889B2C98AEC400C9FE3E /* AppDelegate.swift */; };
		4964889E2C98AEC400C9FE3E /* SceneDelegate.swift in Sources */ = {isa = PBXBuildFile; fileRef = 4964889D2C98AEC400C9FE3E /* SceneDelegate.swift */; };
		496488A02C98AEC400C9FE3E /* PeopleViewController.swift in Sources */ = {isa = PBXBuildFile; fileRef = 4964889F2C98AEC400C9FE3E /* PeopleViewController.swift */; };
		496488A32C98AEC400C9FE3E /* Base in Resources */ = {isa = PBXBuildFile; fileRef = 496488A22C98AEC400C9FE3E /* Base */; };
		496488A52C98AEC500C9FE3E /* Assets.xcassets in Resources */ = {isa = PBXBuildFile; fileRef = 496488A42C98AEC500C9FE3E /* Assets.xcassets */; };
		496488A82C98AEC500C9FE3E /* Base in Resources */ = {isa = PBXBuildFile; fileRef = 496488A72C98AEC500C9FE3E /* Base */; };
		496488B32C98AEC500C9FE3E /* iosStoryTests.swift in Sources */ = {isa = PBXBuildFile; fileRef = 496488B22C98AEC500C9FE3E /* iosStoryTests.swift */; };
		496488BD2C98AEC500C9FE3E /* iosStoryUITests.swift in Sources */ = {isa = PBXBuildFile; fileRef = 496488BC2C98AEC500C9FE3E /* iosStoryUITests.swift */; };
		496488BF2C98AEC500C9FE3E /* iosStoryUITestsLaunchTests.swift in Sources */ = {isa = PBXBuildFile; fileRef = 496488BE2C98AEC500C9FE3E /* iosStoryUITestsLaunchTests.swift */; };
		496488D82C99B82D00C9FE3E /* PeopleViewModel.swift in Sources */ = {isa = PBXBuildFile; fileRef = 496488D72C99B82D00C9FE3E /* PeopleViewModel.swift */; };
		496488DA2C99B84600C9FE3E /* PeopleModel.swift in Sources */ = {isa = PBXBuildFile; fileRef = 496488D92C99B84600C9FE3E /* PeopleModel.swift */; };
		496488DE2C99B9D200C9FE3E /* PeopleView.swift in Sources */ = {isa = PBXBuildFile; fileRef = 496488DD2C99B9D200C9FE3E /* PeopleView.swift */; };
		496488E02C99E6D900C9FE3E /* PeopleCollectionViewCell.swift in Sources */ = {isa = PBXBuildFile; fileRef = 496488DF2C99E6D900C9FE3E /* PeopleCollectionViewCell.swift */; };
/* End PBXBuildFile section */

/* Begin PBXContainerItemProxy section */
		496488AF2C98AEC500C9FE3E /* PBXContainerItemProxy */ = {
			isa = PBXContainerItemProxy;
			containerPortal = 496488902C98AEC400C9FE3E /* Project object */;
			proxyType = 1;
			remoteGlobalIDString = 496488972C98AEC400C9FE3E;
			remoteInfo = iosStory;
		};
		496488B92C98AEC500C9FE3E /* PBXContainerItemProxy */ = {
			isa = PBXContainerItemProxy;
			containerPortal = 496488902C98AEC400C9FE3E /* Project object */;
			proxyType = 1;
			remoteGlobalIDString = 496488972C98AEC400C9FE3E;
			remoteInfo = iosStory;
		};
/* End PBXContainerItemProxy section */

/* Begin PBXFileReference section */
		496488982C98AEC400C9FE3E /* iosStory.app */ = {isa = PBXFileReference; explicitFileType = wrapper.application; includeInIndex = 0; path = iosStory.app; sourceTree = BUILT_PRODUCTS_DIR; };
		4964889B2C98AEC400C9FE3E /* AppDelegate.swift */ = {isa = PBXFileReference; lastKnownFileType = sourcecode.swift; path = AppDelegate.swift; sourceTree = "<group>"; };
		4964889D2C98AEC400C9FE3E /* SceneDelegate.swift */ = {isa = PBXFileReference; lastKnownFileType = sourcecode.swift; path = SceneDelegate.swift; sourceTree = "<group>"; };
		4964889F2C98AEC400C9FE3E /* PeopleViewController.swift */ = {isa = PBXFileReference; lastKnownFileType = sourcecode.swift; path = PeopleViewController.swift; sourceTree = "<group>"; };
		496488A22C98AEC400C9FE3E /* Base */ = {isa = PBXFileReference; lastKnownFileType = file.storyboard; name = Base; path = Base.lproj/Main.storyboard; sourceTree = "<group>"; };
		496488A42C98AEC500C9FE3E /* Assets.xcassets */ = {isa = PBXFileReference; lastKnownFileType = folder.assetcatalog; path = Assets.xcassets; sourceTree = "<group>"; };
		496488A72C98AEC500C9FE3E /* Base */ = {isa = PBXFileReference; lastKnownFileType = file.storyboard; name = Base; path = Base.lproj/LaunchScreen.storyboard; sourceTree = "<group>"; };
		496488A92C98AEC500C9FE3E /* Info.plist */ = {isa = PBXFileReference; lastKnownFileType = text.plist.xml; path = Info.plist; sourceTree = "<group>"; };
		496488AE2C98AEC500C9FE3E /* iosStoryTests.xctest */ = {isa = PBXFileReference; explicitFileType = wrapper.cfbundle; includeInIndex = 0; path = iosStoryTests.xctest; sourceTree = BUILT_PRODUCTS_DIR; };
		496488B22C98AEC500C9FE3E /* iosStoryTests.swift */ = {isa = PBXFileReference; lastKnownFileType = sourcecode.swift; path = iosStoryTests.swift; sourceTree = "<group>"; };
		496488B82C98AEC500C9FE3E /* iosStoryUITests.xctest */ = {isa = PBXFileReference; explicitFileType = wrapper.cfbundle; includeInIndex = 0; path = iosStoryUITests.xctest; sourceTree = BUILT_PRODUCTS_DIR; };
		496488BC2C98AEC500C9FE3E /* iosStoryUITests.swift */ = {isa = PBXFileReference; lastKnownFileType = sourcecode.swift; path = iosStoryUITests.swift; sourceTree = "<group>"; };
		496488BE2C98AEC500C9FE3E /* iosStoryUITestsLaunchTests.swift */ = {isa = PBXFileReference; lastKnownFileType = sourcecode.swift; path = iosStoryUITestsLaunchTests.swift; sourceTree = "<group>"; };
		496488D72C99B82D00C9FE3E /* PeopleViewModel.swift */ = {isa = PBXFileReference; lastKnownFileType = sourcecode.swift; path = PeopleViewModel.swift; sourceTree = "<group>"; };
		496488D92C99B84600C9FE3E /* PeopleModel.swift */ = {isa = PBXFileReference; lastKnownFileType = sourcecode.swift; path = PeopleModel.swift; sourceTree = "<group>"; };
		496488DD2C99B9D200C9FE3E /* PeopleView.swift */ = {isa = PBXFileReference; lastKnownFileType = sourcecode.swift; path = PeopleView.swift; sourceTree = "<group>"; };
		496488DF2C99E6D900C9FE3E /* PeopleCollectionViewCell.swift */ = {isa = PBXFileReference; lastKnownFileType = sourcecode.swift; path = PeopleCollectionViewCell.swift; sourceTree = "<group>"; };
/* End PBXFileReference section */

/* Begin PBXFrameworksBuildPhase section */
		496488952C98AEC400C9FE3E /* Frameworks */ = {
			isa = PBXFrameworksBuildPhase;
			buildActionMask = 2147483647;
			files = (
			);
			runOnlyForDeploymentPostprocessing = 0;
		};
		496488AB2C98AEC500C9FE3E /* Frameworks */ = {
			isa = PBXFrameworksBuildPhase;
			buildActionMask = 2147483647;
			files = (
			);
			runOnlyForDeploymentPostprocessing = 0;
		};
		496488B52C98AEC500C9FE3E /* Frameworks */ = {
			isa = PBXFrameworksBuildPhase;
			buildActionMask = 2147483647;
			files = (
			);
			runOnlyForDeploymentPostprocessing = 0;
		};
/* End PBXFrameworksBuildPhase section */

/* Begin PBXGroup section */
		4964888F2C98AEC400C9FE3E = {
			isa = PBXGroup;
			children = (
				4964889A2C98AEC400C9FE3E /* iosStory */,
				496488B12C98AEC500C9FE3E /* iosStoryTests */,
				496488BB2C98AEC500C9FE3E /* iosStoryUITests */,
				496488992C98AEC400C9FE3E /* Products */,
			);
			sourceTree = "<group>";
		};
		496488992C98AEC400C9FE3E /* Products */ = {
			isa = PBXGroup;
			children = (
				496488982C98AEC400C9FE3E /* iosStory.app */,
				496488AE2C98AEC500C9FE3E /* iosStoryTests.xctest */,
				496488B82C98AEC500C9FE3E /* iosStoryUITests.xctest */,
			);
			name = Products;
			sourceTree = "<group>";
		};
		4964889A2C98AEC400C9FE3E /* iosStory */ = {
			isa = PBXGroup;
			children = (
				496488DF2C99E6D900C9FE3E /* PeopleCollectionViewCell.swift */,
				4964889B2C98AEC400C9FE3E /* AppDelegate.swift */,
				4964889D2C98AEC400C9FE3E /* SceneDelegate.swift */,
				4964889F2C98AEC400C9FE3E /* PeopleViewController.swift */,
				496488DD2C99B9D200C9FE3E /* PeopleView.swift */,
				496488D72C99B82D00C9FE3E /* PeopleViewModel.swift */,
				496488D92C99B84600C9FE3E /* PeopleModel.swift */,
				496488A12C98AEC400C9FE3E /* Main.storyboard */,
				496488A42C98AEC500C9FE3E /* Assets.xcassets */,
				496488A62C98AEC500C9FE3E /* LaunchScreen.storyboard */,
				496488A92C98AEC500C9FE3E /* Info.plist */,
			);
			path = iosStory;
			sourceTree = "<group>";
		};
		496488B12C98AEC500C9FE3E /* iosStoryTests */ = {
			isa = PBXGroup;
			children = (
				496488B22C98AEC500C9FE3E /* iosStoryTests.swift */,
			);
			path = iosStoryTests;
			sourceTree = "<group>";
		};
		496488BB2C98AEC500C9FE3E /* iosStoryUITests */ = {
			isa = PBXGroup;
			children = (
				496488BC2C98AEC500C9FE3E /* iosStoryUITests.swift */,
				496488BE2C98AEC500C9FE3E /* iosStoryUITestsLaunchTests.swift */,
			);
			path = iosStoryUITests;
			sourceTree = "<group>";
		};
/* End PBXGroup section */

/* Begin PBXNativeTarget section */
		496488972C98AEC400C9FE3E /* iosStory */ = {
			isa = PBXNativeTarget;
			buildConfigurationList = 496488C22C98AEC500C9FE3E /* Build configuration list for PBXNativeTarget "iosStory" */;
			buildPhases = (
				496488942C98AEC400C9FE3E /* Sources */,
				496488952C98AEC400C9FE3E /* Frameworks */,
				496488962C98AEC400C9FE3E /* Resources */,
			);
			buildRules = (
			);
			dependencies = (
			);
			name = iosStory;
			productName = iosStory;
			productReference = 496488982C98AEC400C9FE3E /* iosStory.app */;
			productType = "com.apple.product-type.application";
		};
		496488AD2C98AEC500C9FE3E /* iosStoryTests */ = {
			isa = PBXNativeTarget;
			buildConfigurationList = 496488C52C98AEC500C9FE3E /* Build configuration list for PBXNativeTarget "iosStoryTests" */;
			buildPhases = (
				496488AA2C98AEC500C9FE3E /* Sources */,
				496488AB2C98AEC500C9FE3E /* Frameworks */,
				496488AC2C98AEC500C9FE3E /* Resources */,
			);
			buildRules = (
			);
			dependencies = (
				496488B02C98AEC500C9FE3E /* PBXTargetDependency */,
			);
			name = iosStoryTests;
			productName = iosStoryTests;
			productReference = 496488AE2C98AEC500C9FE3E /* iosStoryTests.xctest */;
			productType = "com.apple.product-type.bundle.unit-test";
		};
		496488B72C98AEC500C9FE3E /* iosStoryUITests */ = {
			isa = PBXNativeTarget;
			buildConfigurationList = 496488C82C98AEC500C9FE3E /* Build configuration list for PBXNativeTarget "iosStoryUITests" */;
			buildPhases = (
				496488B42C98AEC500C9FE3E /* Sources */,
				496488B52C98AEC500C9FE3E /* Frameworks */,
				496488B62C98AEC500C9FE3E /* Resources */,
			);
			buildRules = (
			);
			dependencies = (
				496488BA2C98AEC500C9FE3E /* PBXTargetDependency */,
			);
			name = iosStoryUITests;
			productName = iosStoryUITests;
			productReference = 496488B82C98AEC500C9FE3E /* iosStoryUITests.xctest */;
			productType = "com.apple.product-type.bundle.ui-testing";
		};
/* End PBXNativeTarget section */

/* Begin PBXProject section */
		496488902C98AEC400C9FE3E /* Project object */ = {
			isa = PBXProject;
			attributes = {
				BuildIndependentTargetsInParallel = 1;
				LastSwiftUpdateCheck = 1540;
				LastUpgradeCheck = 1540;
				TargetAttributes = {
					496488972C98AEC400C9FE3E = {
						CreatedOnToolsVersion = 15.4;
					};
					496488AD2C98AEC500C9FE3E = {
						CreatedOnToolsVersion = 15.4;
						TestTargetID = 496488972C98AEC400C9FE3E;
					};
					496488B72C98AEC500C9FE3E = {
						CreatedOnToolsVersion = 15.4;
						TestTargetID = 496488972C98AEC400C9FE3E;
					};
				};
			};
			buildConfigurationList = 496488932C98AEC400C9FE3E /* Build configuration list for PBXProject "iosStory" */;
			compatibilityVersion = "Xcode 14.0";
			developmentRegion = en;
			hasScannedForEncodings = 0;
			knownRegions = (
				en,
				Base,
			);
			mainGroup = 4964888F2C98AEC400C9FE3E;
			productRefGroup = 496488992C98AEC400C9FE3E /* Products */;
			projectDirPath = "";
			projectRoot = "";
			targets = (
				496488972C98AEC400C9FE3E /* iosStory */,
				496488AD2C98AEC500C9FE3E /* iosStoryTests */,
				496488B72C98AEC500C9FE3E /* iosStoryUITests */,
			);
		};
/* End PBXProject section */

/* Begin PBXResourcesBuildPhase section */
		496488962C98AEC400C9FE3E /* Resources */ = {
			isa = PBXResourcesBuildPhase;
			buildActionMask = 2147483647;
			files = (
				496488A52C98AEC500C9FE3E /* Assets.xcassets in Resources */,
				496488A82C98AEC500C9FE3E /* Base in Resources */,
				496488A32C98AEC400C9FE3E /* Base in Resources */,
			);
			runOnlyForDeploymentPostprocessing = 0;
		};
		496488AC2C98AEC500C9FE3E /* Resources */ = {
			isa = PBXResourcesBuildPhase;
			buildActionMask = 2147483647;
			files = (
			);
			runOnlyForDeploymentPostprocessing = 0;
		};
		496488B62C98AEC500C9FE3E /* Resources */ = {
			isa = PBXResourcesBuildPhase;
			buildActionMask = 2147483647;
			files = (
			);
			runOnlyForDeploymentPostprocessing = 0;
		};
/* End PBXResourcesBuildPhase section */

/* Begin PBXSourcesBuildPhase section */
		496488942C98AEC400C9FE3E /* Sources */ = {
			isa = PBXSourcesBuildPhase;
			buildActionMask = 2147483647;
			files = (
				496488A02C98AEC400C9FE3E /* PeopleViewController.swift in Sources */,
				496488DA2C99B84600C9FE3E /* PeopleModel.swift in Sources */,
				4964889C2C98AEC400C9FE3E /* AppDelegate.swift in Sources */,
				496488E02C99E6D900C9FE3E /* PeopleCollectionViewCell.swift in Sources */,
				496488DE2C99B9D200C9FE3E /* PeopleView.swift in Sources */,
				496488D82C99B82D00C9FE3E /* PeopleViewModel.swift in Sources */,
				4964889E2C98AEC400C9FE3E /* SceneDelegate.swift in Sources */,
			);
			runOnlyForDeploymentPostprocessing = 0;
		};
		496488AA2C98AEC500C9FE3E /* Sources */ = {
			isa = PBXSourcesBuildPhase;
			buildActionMask = 2147483647;
			files = (
				496488B32C98AEC500C9FE3E /* iosStoryTests.swift in Sources */,
			);
			runOnlyForDeploymentPostprocessing = 0;
		};
		496488B42C98AEC500C9FE3E /* Sources */ = {
			isa = PBXSourcesBuildPhase;
			buildActionMask = 2147483647;
			files = (
				496488BF2C98AEC500C9FE3E /* iosStoryUITestsLaunchTests.swift in Sources */,
				496488BD2C98AEC500C9FE3E /* iosStoryUITests.swift in Sources */,
			);
			runOnlyForDeploymentPostprocessing = 0;
		};
/* End PBXSourcesBuildPhase section */

/* Begin PBXTargetDependency section */
		496488B02C98AEC500C9FE3E /* PBXTargetDependency */ = {
			isa = PBXTargetDependency;
			target = 496488972C98AEC400C9FE3E /* iosStory */;
			targetProxy = 496488AF2C98AEC500C9FE3E /* PBXContainerItemProxy */;
		};
		496488BA2C98AEC500C9FE3E /* PBXTargetDependency */ = {
			isa = PBXTargetDependency;
			target = 496488972C98AEC400C9FE3E /* iosStory */;
			targetProxy = 496488B92C98AEC500C9FE3E /* PBXContainerItemProxy */;
		};
/* End PBXTargetDependency section */

/* Begin PBXVariantGroup section */
		496488A12C98AEC400C9FE3E /* Main.storyboard */ = {
			isa = PBXVariantGroup;
			children = (
				496488A22C98AEC400C9FE3E /* Base */,
			);
			name = Main.storyboard;
			sourceTree = "<group>";
		};
		496488A62C98AEC500C9FE3E /* LaunchScreen.storyboard */ = {
			isa = PBXVariantGroup;
			children = (
				496488A72C98AEC500C9FE3E /* Base */,
			);
			name = LaunchScreen.storyboard;
			sourceTree = "<group>";
		};
/* End PBXVariantGroup section */

/* Begin XCBuildConfiguration section */
		496488C02C98AEC500C9FE3E /* Debug */ = {
			isa = XCBuildConfiguration;
			buildSettings = {
				ALWAYS_SEARCH_USER_PATHS = NO;
				ASSETCATALOG_COMPILER_GENERATE_SWIFT_ASSET_SYMBOL_EXTENSIONS = YES;
				CLANG_ANALYZER_NONNULL = YES;
				CLANG_ANALYZER_NUMBER_OBJECT_CONVERSION = YES_AGGRESSIVE;
				CLANG_CXX_LANGUAGE_STANDARD = "gnu++20";
				CLANG_ENABLE_MODULES = YES;
				CLANG_ENABLE_OBJC_ARC = YES;
				CLANG_ENABLE_OBJC_WEAK = YES;
				CLANG_WARN_BLOCK_CAPTURE_AUTORELEASING = YES;
				CLANG_WARN_BOOL_CONVERSION = YES;
				CLANG_WARN_COMMA = YES;
				CLANG_WARN_CONSTANT_CONVERSION = YES;
				CLANG_WARN_DEPRECATED_OBJC_IMPLEMENTATIONS = YES;
				CLANG_WARN_DIRECT_OBJC_ISA_USAGE = YES_ERROR;
				CLANG_WARN_DOCUMENTATION_COMMENTS = YES;
				CLANG_WARN_EMPTY_BODY = YES;
				CLANG_WARN_ENUM_CONVERSION = YES;
				CLANG_WARN_INFINITE_RECURSION = YES;
				CLANG_WARN_INT_CONVERSION = YES;
				CLANG_WARN_NON_LITERAL_NULL_CONVERSION = YES;
				CLANG_WARN_OBJC_IMPLICIT_RETAIN_SELF = YES;
				CLANG_WARN_OBJC_LITERAL_CONVERSION = YES;
				CLANG_WARN_OBJC_ROOT_CLASS = YES_ERROR;
				CLANG_WARN_QUOTED_INCLUDE_IN_FRAMEWORK_HEADER = YES;
				CLANG_WARN_RANGE_LOOP_ANALYSIS = YES;
				CLANG_WARN_STRICT_PROTOTYPES = YES;
				CLANG_WARN_SUSPICIOUS_MOVE = YES;
				CLANG_WARN_UNGUARDED_AVAILABILITY = YES_AGGRESSIVE;
				CLANG_WARN_UNREACHABLE_CODE = YES;
				CLANG_WARN__DUPLICATE_METHOD_MATCH = YES;
				COPY_PHASE_STRIP = NO;
				DEBUG_INFORMATION_FORMAT = dwarf;
				ENABLE_STRICT_OBJC_MSGSEND = YES;
				ENABLE_TESTABILITY = YES;
				ENABLE_USER_SCRIPT_SANDBOXING = YES;
				GCC_C_LANGUAGE_STANDARD = gnu17;
				GCC_DYNAMIC_NO_PIC = NO;
				GCC_NO_COMMON_BLOCKS = YES;
				GCC_OPTIMIZATION_LEVEL = 0;
				GCC_PREPROCESSOR_DEFINITIONS = (
					"DEBUG=1",
					"$(inherited)",
				);
				GCC_WARN_64_TO_32_BIT_CONVERSION = YES;
				GCC_WARN_ABOUT_RETURN_TYPE = YES_ERROR;
				GCC_WARN_UNDECLARED_SELECTOR = YES;
				GCC_WARN_UNINITIALIZED_AUTOS = YES_AGGRESSIVE;
				GCC_WARN_UNUSED_FUNCTION = YES;
				GCC_WARN_UNUSED_VARIABLE = YES;
				IPHONEOS_DEPLOYMENT_TARGET = 17.5;
				LOCALIZATION_PREFERS_STRING_CATALOGS = YES;
				MTL_ENABLE_DEBUG_INFO = INCLUDE_SOURCE;
				MTL_FAST_MATH = YES;
				ONLY_ACTIVE_ARCH = YES;
				SDKROOT = iphoneos;
				SWIFT_ACTIVE_COMPILATION_CONDITIONS = "DEBUG $(inherited)";
				SWIFT_OPTIMIZATION_LEVEL = "-Onone";
			};
			name = Debug;
		};
		496488C12C98AEC500C9FE3E /* Release */ = {
			isa = XCBuildConfiguration;
			buildSettings = {
				ALWAYS_SEARCH_USER_PATHS = NO;
				ASSETCATALOG_COMPILER_GENERATE_SWIFT_ASSET_SYMBOL_EXTENSIONS = YES;
				CLANG_ANALYZER_NONNULL = YES;
				CLANG_ANALYZER_NUMBER_OBJECT_CONVERSION = YES_AGGRESSIVE;
				CLANG_CXX_LANGUAGE_STANDARD = "gnu++20";
				CLANG_ENABLE_MODULES = YES;
				CLANG_ENABLE_OBJC_ARC = YES;
				CLANG_ENABLE_OBJC_WEAK = YES;
				CLANG_WARN_BLOCK_CAPTURE_AUTORELEASING = YES;
				CLANG_WARN_BOOL_CONVERSION = YES;
				CLANG_WARN_COMMA = YES;
				CLANG_WARN_CONSTANT_CONVERSION = YES;
				CLANG_WARN_DEPRECATED_OBJC_IMPLEMENTATIONS = YES;
				CLANG_WARN_DIRECT_OBJC_ISA_USAGE = YES_ERROR;
				CLANG_WARN_DOCUMENTATION_COMMENTS = YES;
				CLANG_WARN_EMPTY_BODY = YES;
				CLANG_WARN_ENUM_CONVERSION = YES;
				CLANG_WARN_INFINITE_RECURSION = YES;
				CLANG_WARN_INT_CONVERSION = YES;
				CLANG_WARN_NON_LITERAL_NULL_CONVERSION = YES;
				CLANG_WARN_OBJC_IMPLICIT_RETAIN_SELF = YES;
				CLANG_WARN_OBJC_LITERAL_CONVERSION = YES;
				CLANG_WARN_OBJC_ROOT_CLASS = YES_ERROR;
				CLANG_WARN_QUOTED_INCLUDE_IN_FRAMEWORK_HEADER = YES;
				CLANG_WARN_RANGE_LOOP_ANALYSIS = YES;
				CLANG_WARN_STRICT_PROTOTYPES = YES;
				CLANG_WARN_SUSPICIOUS_MOVE = YES;
				CLANG_WARN_UNGUARDED_AVAILABILITY = YES_AGGRESSIVE;
				CLANG_WARN_UNREACHABLE_CODE = YES;
				CLANG_WARN__DUPLICATE_METHOD_MATCH = YES;
				COPY_PHASE_STRIP = NO;
				DEBUG_INFORMATION_FORMAT = "dwarf-with-dsym";
				ENABLE_NS_ASSERTIONS = NO;
				ENABLE_STRICT_OBJC_MSGSEND = YES;
				ENABLE_USER_SCRIPT_SANDBOXING = YES;
				GCC_C_LANGUAGE_STANDARD = gnu17;
				GCC_NO_COMMON_BLOCKS = YES;
				GCC_WARN_64_TO_32_BIT_CONVERSION = YES;
				GCC_WARN_ABOUT_RETURN_TYPE = YES_ERROR;
				GCC_WARN_UNDECLARED_SELECTOR = YES;
				GCC_WARN_UNINITIALIZED_AUTOS = YES_AGGRESSIVE;
				GCC_WARN_UNUSED_FUNCTION = YES;
				GCC_WARN_UNUSED_VARIABLE = YES;
				IPHONEOS_DEPLOYMENT_TARGET = 17.5;
				LOCALIZATION_PREFERS_STRING_CATALOGS = YES;
				MTL_ENABLE_DEBUG_INFO = NO;
				MTL_FAST_MATH = YES;
				SDKROOT = iphoneos;
				SWIFT_COMPILATION_MODE = wholemodule;
				VALIDATE_PRODUCT = YES;
			};
			name = Release;
		};
		496488C32C98AEC500C9FE3E /* Debug */ = {
			isa = XCBuildConfiguration;
			buildSettings = {
				ASSETCATALOG_COMPILER_APPICON_NAME = AppIcon;
				ASSETCATALOG_COMPILER_GLOBAL_ACCENT_COLOR_NAME = AccentColor;
				CODE_SIGN_STYLE = Automatic;
				CURRENT_PROJECT_VERSION = 1;
				GENERATE_INFOPLIST_FILE = YES;
				INFOPLIST_FILE = iosStory/Info.plist;
				INFOPLIST_KEY_UIApplicationSupportsIndirectInputEvents = YES;
				INFOPLIST_KEY_UILaunchStoryboardName = LaunchScreen;
				INFOPLIST_KEY_UISupportedInterfaceOrientations_iPad = "UIInterfaceOrientationPortrait UIInterfaceOrientationPortraitUpsideDown UIInterfaceOrientationLandscapeLeft UIInterfaceOrientationLandscapeRight";
				INFOPLIST_KEY_UISupportedInterfaceOrientations_iPhone = "UIInterfaceOrientationPortrait UIInterfaceOrientationLandscapeLeft UIInterfaceOrientationLandscapeRight";
				LD_RUNPATH_SEARCH_PATHS = (
					"$(inherited)",
					"@executable_path/Frameworks",
				);
				MARKETING_VERSION = 1.0;
				PRODUCT_BUNDLE_IDENTIFIER = com.marc.iosStory;
				PRODUCT_NAME = "$(TARGET_NAME)";
				SWIFT_EMIT_LOC_STRINGS = YES;
				SWIFT_VERSION = 5.0;
				TARGETED_DEVICE_FAMILY = "1,2";
			};
			name = Debug;
		};
		496488C42C98AEC500C9FE3E /* Release */ = {
			isa = XCBuildConfiguration;
			buildSettings = {
				ASSETCATALOG_COMPILER_APPICON_NAME = AppIcon;
				ASSETCATALOG_COMPILER_GLOBAL_ACCENT_COLOR_NAME = AccentColor;
				CODE_SIGN_STYLE = Automatic;
				CURRENT_PROJECT_VERSION = 1;
				GENERATE_INFOPLIST_FILE = YES;
				INFOPLIST_FILE = iosStory/Info.plist;
				INFOPLIST_KEY_UIApplicationSupportsIndirectInputEvents = YES;
				INFOPLIST_KEY_UILaunchStoryboardName = LaunchScreen;
				INFOPLIST_KEY_UISupportedInterfaceOrientations_iPad = "UIInterfaceOrientationPortrait UIInterfaceOrientationPortraitUpsideDown UIInterfaceOrientationLandscapeLeft UIInterfaceOrientationLandscapeRight";
				INFOPLIST_KEY_UISupportedInterfaceOrientations_iPhone = "UIInterfaceOrientationPortrait UIInterfaceOrientationLandscapeLeft UIInterfaceOrientationLandscapeRight";
				LD_RUNPATH_SEARCH_PATHS = (
					"$(inherited)",
					"@executable_path/Frameworks",
				);
				MARKETING_VERSION = 1.0;
				PRODUCT_BUNDLE_IDENTIFIER = com.marc.iosStory;
				PRODUCT_NAME = "$(TARGET_NAME)";
				SWIFT_EMIT_LOC_STRINGS = YES;
				SWIFT_VERSION = 5.0;
				TARGETED_DEVICE_FAMILY = "1,2";
			};
			name = Release;
		};
		496488C62C98AEC500C9FE3E /* Debug */ = {
			isa = XCBuildConfiguration;
			buildSettings = {
				ALWAYS_EMBED_SWIFT_STANDARD_LIBRARIES = YES;
				BUNDLE_LOADER = "$(TEST_HOST)";
				CODE_SIGN_STYLE = Automatic;
				CURRENT_PROJECT_VERSION = 1;
				GENERATE_INFOPLIST_FILE = YES;
				IPHONEOS_DEPLOYMENT_TARGET = 17.5;
				MARKETING_VERSION = 1.0;
				PRODUCT_BUNDLE_IDENTIFIER = com.marc.iosStoryTests;
				PRODUCT_NAME = "$(TARGET_NAME)";
				SWIFT_EMIT_LOC_STRINGS = NO;
				SWIFT_VERSION = 5.0;
				TARGETED_DEVICE_FAMILY = "1,2";
				TEST_HOST = "$(BUILT_PRODUCTS_DIR)/iosStory.app/$(BUNDLE_EXECUTABLE_FOLDER_PATH)/iosStory";
			};
			name = Debug;
		};
		496488C72C98AEC500C9FE3E /* Release */ = {
			isa = XCBuildConfiguration;
			buildSettings = {
				ALWAYS_EMBED_SWIFT_STANDARD_LIBRARIES = YES;
				BUNDLE_LOADER = "$(TEST_HOST)";
				CODE_SIGN_STYLE = Automatic;
				CURRENT_PROJECT_VERSION = 1;
				GENERATE_INFOPLIST_FILE = YES;
				IPHONEOS_DEPLOYMENT_TARGET = 17.5;
				MARKETING_VERSION = 1.0;
				PRODUCT_BUNDLE_IDENTIFIER = com.marc.iosStoryTests;
				PRODUCT_NAME = "$(TARGET_NAME)";
				SWIFT_EMIT_LOC_STRINGS = NO;
				SWIFT_VERSION = 5.0;
				TARGETED_DEVICE_FAMILY = "1,2";
				TEST_HOST = "$(BUILT_PRODUCTS_DIR)/iosStory.app/$(BUNDLE_EXECUTABLE_FOLDER_PATH)/iosStory";
			};
			name = Release;
		};
		496488C92C98AEC500C9FE3E /* Debug */ = {
			isa = XCBuildConfiguration;
			buildSettings = {
				ALWAYS_EMBED_SWIFT_STANDARD_LIBRARIES = YES;
				CODE_SIGN_STYLE = Automatic;
				CURRENT_PROJECT_VERSION = 1;
				GENERATE_INFOPLIST_FILE = YES;
				MARKETING_VERSION = 1.0;
				PRODUCT_BUNDLE_IDENTIFIER = com.marc.iosStoryUITests;
				PRODUCT_NAME = "$(TARGET_NAME)";
				SWIFT_EMIT_LOC_STRINGS = NO;
				SWIFT_VERSION = 5.0;
				TARGETED_DEVICE_FAMILY = "1,2";
				TEST_TARGET_NAME = iosStory;
			};
			name = Debug;
		};
		496488CA2C98AEC500C9FE3E /* Release */ = {
			isa = XCBuildConfiguration;
			buildSettings = {
				ALWAYS_EMBED_SWIFT_STANDARD_LIBRARIES = YES;
				CODE_SIGN_STYLE = Automatic;
				CURRENT_PROJECT_VERSION = 1;
				GENERATE_INFOPLIST_FILE = YES;
				MARKETING_VERSION = 1.0;
				PRODUCT_BUNDLE_IDENTIFIER = com.marc.iosStoryUITests;
				PRODUCT_NAME = "$(TARGET_NAME)";
				SWIFT_EMIT_LOC_STRINGS = NO;
				SWIFT_VERSION = 5.0;
				TARGETED_DEVICE_FAMILY = "1,2";
				TEST_TARGET_NAME = iosStory;
			};
			name = Release;
		};
/* End XCBuildConfiguration section */

/* Begin XCConfigurationList section */
		496488932C98AEC400C9FE3E /* Build configuration list for PBXProject "iosStory" */ = {
			isa = XCConfigurationList;
			buildConfigurations = (
				496488C02C98AEC500C9FE3E /* Debug */,
				496488C12C98AEC500C9FE3E /* Release */,
			);
			defaultConfigurationIsVisible = 0;
			defaultConfigurationName = Release;
		};
		496488C22C98AEC500C9FE3E /* Build configuration list for PBXNativeTarget "iosStory" */ = {
			isa = XCConfigurationList;
			buildConfigurations = (
				496488C32C98AEC500C9FE3E /* Debug */,
				496488C42C98AEC500C9FE3E /* Release */,
			);
			defaultConfigurationIsVisible = 0;
			defaultConfigurationName = Release;
		};
		496488C52C98AEC500C9FE3E /* Build configuration list for PBXNativeTarget "iosStoryTests" */ = {
			isa = XCConfigurationList;
			buildConfigurations = (
				496488C62C98AEC500C9FE3E /* Debug */,
				496488C72C98AEC500C9FE3E /* Release */,
			);
			defaultConfigurationIsVisible = 0;
			defaultConfigurationName = Release;
		};
		496488C82C98AEC500C9FE3E /* Build configuration list for PBXNativeTarget "iosStoryUITests" */ = {
			isa = XCConfigurationList;
			buildConfigurations = (
				496488C92C98AEC500C9FE3E /* Debug */,
				496488CA2C98AEC500C9FE3E /* Release */,
			);
			defaultConfigurationIsVisible = 0;
			defaultConfigurationName = Release;
		};
/* End XCConfigurationList section */
	};
	rootObject = 496488902C98AEC400C9FE3E /* Project object */;
}
